
Microsoft Visual Studio Solution File, Format Version 12.00
# Visual Studio 2012
Project("{FAE04EC0-301F-11D3-BF4B-00C04F79EFBC}") = "MyCodeCamp", "MyCodeCamp\MyCodeCamp.csproj", "{240A443D-6D19-4D71-BB2A-07439958FCE0}"
EndProject
Project("{FAE04EC0-301F-11D3-BF4B-00C04F79EFBC}") = "MyCodeCamp.Data", "MyCodeCamp.Data\MyCodeCamp.Data.csproj", "{DA8D6815-A3C8-4CCD-8851-643C5CF91EB2}"
EndProject
Global
	GlobalSection(SolutionConfigurationPlatforms) = preSolution
		Debug|Any CPU = Debug|Any CPU
		Release|Any CPU = Release|Any CPU
	EndGlobalSection
	GlobalSection(ProjectConfigurationPlatforms) = postSolution
		{240A443D-6D19-4D71-BB2A-07439958FCE0}.Debug|Any CPU.ActiveCfg = Debug|Any CPU
		{240A443D-6D19-4D71-BB2A-07439958FCE0}.Debug|Any CPU.Build.0 = Debug|Any CPU
		{240A443D-6D19-4D71-BB2A-07439958FCE0}.Release|Any CPU.ActiveCfg = Release|Any CPU
		{240A443D-6D19-4D71-BB2A-07439958FCE0}.Release|Any CPU.Build.0 = Release|Any CPU
		{DA8D6815-A3C8-4CCD-8851-643C5CF91EB2}.Debug|Any CPU.ActiveCfg = Debug|Any CPU
		{DA8D6815-A3C8-4CCD-8851-643C5CF91EB2}.Debug|Any CPU.Build.0 = Debug|Any CPU
		{DA8D6815-A3C8-4CCD-8851-643C5CF91EB2}.Release|Any CPU.ActiveCfg = Release|Any CPU
		{DA8D6815-A3C8-4CCD-8851-643C5CF91EB2}.Release|Any CPU.Build.0 = Release|Any CPU
	EndGlobalSection
EndGlobal
